schema: '2.0'
stages:
  prepare:
    cmd: python src/prepare.py
    deps:
    - path: data/raw
      hash: md5
      md5: 98052bfdff5a55027f469bf38020f8b1.dir
      size: 443489
      nfiles: 7
    - path: src/prepare.py
      hash: md5
      md5: c8a5052ea09598e570e069f3e4581520
      size: 4713
    params:
      params.yaml:
        base.languages:
        - en
        prepare.output_dir: data/manifests
        prepare.raw_data_dir: data/raw
    outs:
    - path: data/manifests
      hash: md5
      md5: f1a69ff5e4129ac0b45fdaa9a00497b4.dir
      size: 514
      nfiles: 1
  augment:
    cmd: python src/augment.py
    deps:
    - path: data/manifests
      hash: md5
      md5: f1a69ff5e4129ac0b45fdaa9a00497b4.dir
      size: 514
      nfiles: 1
    - path: src/augment.py
      hash: md5
      md5: a791e3b5678441eb45c6fffdaf4819ac
      size: 4285
    params:
      params.yaml:
        augment.input_manifest_dir: data/manifests
        augment.output_audio_dir: data/audio_noisy
        augment.output_manifest_dir: data/manifests_noisy
        augment.seed: 42
        augment.snr_levels:
        - 20
        - 10
        - 5
        - 0
        - -5
        base.languages:
        - en
    outs:
    - path: data/audio_noisy
      hash: md5
      md5: cba3a5cceeab5670beed9a46056f1b62.dir
      size: 1387150
      nfiles: 10
    - path: data/manifests_noisy
      hash: md5
      md5: 5104b6b4b7846493583700c3525a0219.dir
      size: 2698
      nfiles: 5
  transcribe:
    cmd: python src/transcribe.py
    deps:
    - path: data/manifests
      hash: md5
      md5: f1a69ff5e4129ac0b45fdaa9a00497b4.dir
      size: 514
      nfiles: 1
    - path: data/manifests_noisy
      hash: md5
      md5: 5104b6b4b7846493583700c3525a0219.dir
      size: 2698
      nfiles: 5
    - path: src/transcribe.py
      hash: md5
      md5: 49781bde25faa0079b47132d867ea46f
      size: 3429
    params:
      params.yaml:
        base.languages:
        - en
        transcribe.input_dirs:
        - data/manifests
        - data/manifests_noisy
        transcribe.model_name: facebook/wav2vec2-lv-60-espeak-cv-ft
        transcribe.output_dir: data/predictions
    outs:
    - path: data/predictions
      hash: md5
      md5: 7baf5dfc50e66a099706ac258da0d41f.dir
      size: 3680
      nfiles: 6
  evaluate:
    cmd: python src/evaluate.py
    deps:
    - path: data/predictions
      hash: md5
      md5: 7baf5dfc50e66a099706ac258da0d41f.dir
      size: 3680
      nfiles: 6
    - path: src/evaluate.py
      hash: md5
      md5: 6e0727e2c6bd996694fbc8b4c75e0a94
      size: 4693
    params:
      params.yaml:
        base.languages:
        - en
        evaluate.input_dir: data/predictions
        evaluate.metrics_file: metrics.json
        evaluate.plots_dir: plots
    outs:
    - path: metrics.json
      hash: md5
      md5: 0709e4b78fbab31cc7dbbc9a119cf7ef
      size: 442
    - path: plots/per_vs_noise.png
      hash: md5
      md5: 6f374ef68d5a5fe7eb8fd347db60e296
      size: 38016
