schema: '2.0'
stages:
  prepare:
    cmd: python src/prepare.py
    deps:
    - path: data/raw
      hash: md5
      md5: 98052bfdff5a55027f469bf38020f8b1.dir
      size: 443489
      nfiles: 7
    - path: src/prepare.py
      hash: md5
      md5: 772c87d0918c29e771da41b451263718
      size: 4758
    params:
      params.yaml:
        base.languages:
        - en
        prepare.output_dir: data/manifests
        prepare.raw_data_dir: data/raw
    outs:
    - path: data/manifests
      hash: md5
      md5: f1a69ff5e4129ac0b45fdaa9a00497b4.dir
      size: 514
      nfiles: 1
  augment:
    cmd: python src/augment.py
    deps:
    - path: data/manifests
      hash: md5
      md5: f1a69ff5e4129ac0b45fdaa9a00497b4.dir
      size: 514
      nfiles: 1
    - path: src/augment.py
      hash: md5
      md5: a791e3b5678441eb45c6fffdaf4819ac
      size: 4285
    params:
      params.yaml:
        augment.input_manifest_dir: data/manifests
        augment.output_audio_dir: data/audio_noisy
        augment.output_manifest_dir: data/manifests_noisy
        augment.seed: 42
        augment.snr_levels:
        - 20
        - 10
        - 5
        - 0
        - -5
        base.languages:
        - en
    outs:
    - path: data/audio_noisy
      hash: md5
      md5: cba3a5cceeab5670beed9a46056f1b62.dir
      size: 1387150
      nfiles: 10
    - path: data/manifests_noisy
      hash: md5
      md5: 5104b6b4b7846493583700c3525a0219.dir
      size: 2698
      nfiles: 5
